{
  "requires": true,
  "lockfileVersion": 1,
  "dependencies": {
    "react-hook-form": {
      "version": "7.27.1",
      "resolved": "https://registry.npmjs.org/react-hook-form/-/react-hook-form-7.27.1.tgz",
      "integrity": "sha512-N3a7A6zIQ8DJeThisVZGtOUabTbJw+7DHJidmB9w8m3chckv2ZWKb5MHps9d2pPJqmCDoWe53Bos56bYmJms5w=="
    }
  }
}
